
Microsoft Visual Studio Solution File, Format Version 12.00
# Visual Studio Version 16
VisualStudioVersion = 16.0.29403.142
MinimumVisualStudioVersion = 10.0.40219.1
Project("{FAE04EC0-301F-11D3-BF4B-00C04F79EFBC}") = "Starter.API", "Starter.API\Starter.API.csproj", "{1520B4A9-5358-423A-AE94-81060BD0C264}"
EndProject
Project("{9A19103F-16F7-4668-BE54-9A1E7A4F7556}") = "Starter.Bootstrapper", "Starter.Bootstrapper\Starter.Bootstrapper.csproj", "{F7B667AD-B9A8-4780-850E-DD8C87672E96}"
EndProject
Project("{9A19103F-16F7-4668-BE54-9A1E7A4F7556}") = "Starter.Data", "Starter.Data\Starter.Data.csproj", "{CA09D6B3-636B-40C1-A126-3C38EE740B73}"
EndProject
Project("{00D1A9C2-B5F0-4AF3-8072-F6C62B433612}") = "Starter.Database", "Starter.Database\Starter.Database.sqlproj", "{097CD84A-301B-477A-BF6D-08187273BC3E}"
EndProject
Project("{FAE04EC0-301F-11D3-BF4B-00C04F79EFBC}") = "Starter.Framework", "Starter.Framework\Starter.Framework.csproj", "{C0F6263B-83CA-41BE-B080-2DC38F42A0A3}"
EndProject
Project("{9A19103F-16F7-4668-BE54-9A1E7A4F7556}") = "Starter.Repository", "Starter.Repository\Starter.Repository.csproj", "{2C3CF213-48F5-4126-9545-5EF074D01FF8}"
EndProject
Project("{FAE04EC0-301F-11D3-BF4B-00C04F79EFBC}") = "Starter.WPF", "Starter.WPF\Starter.WPF.csproj", "{18B51F70-AB92-403F-85BA-3F23C9A26DA7}"
EndProject
Project("{9A19103F-16F7-4668-BE54-9A1E7A4F7556}") = "Starter.API.Tests", "Starter.API.Tests\Starter.API.Tests.csproj", "{8EDF4429-251A-416D-BB68-93F227191BCF}"
EndProject
Project("{9A19103F-16F7-4668-BE54-9A1E7A4F7556}") = "Starter.Data.Tests", "Starter.Data.Tests\Starter.Data.Tests.csproj", "{3E3A61E9-C024-4980-97DF-BCBEED081650}"
EndProject
Project("{9A19103F-16F7-4668-BE54-9A1E7A4F7556}") = "Starter.Framework.Tests", "Starter.Framework.Tests\Starter.Framework.Tests.csproj", "{3DBBF6B2-1CD1-4175-88CC-F86F1DD4E324}"
EndProject
Project("{9A19103F-16F7-4668-BE54-9A1E7A4F7556}") = "Starter.Repository.Tests", "Starter.Repository.Tests\Starter.Repository.Tests.csproj", "{3EFC6DBB-54D5-4C81-B977-BFA537733A9E}"
EndProject
Project("{FAE04EC0-301F-11D3-BF4B-00C04F79EFBC}") = "Starter.ServiceBus.RabbitMQ", "Starter.ServiceBus\Starter.ServiceBus.RabbitMQ.csproj", "{FE64DBB2-A5F6-4761-A14C-8D7FFFEEC298}"
EndProject
Project("{FAE04EC0-301F-11D3-BF4B-00C04F79EFBC}") = "Starter.ServiceBus.Consumer", "Starter.ServiceBus.Consumer\Starter.ServiceBus.Consumer.csproj", "{ACBCA415-F30A-4E3B-99F2-67F6F4F7F0BD}"
EndProject
Global
	GlobalSection(SolutionConfigurationPlatforms) = preSolution
		Debug|Any CPU = Debug|Any CPU
		Release|Any CPU = Release|Any CPU
	EndGlobalSection
	GlobalSection(ProjectConfigurationPlatforms) = postSolution
		{1520B4A9-5358-423A-AE94-81060BD0C264}.Debug|Any CPU.ActiveCfg = Debug|Any CPU
		{1520B4A9-5358-423A-AE94-81060BD0C264}.Debug|Any CPU.Build.0 = Debug|Any CPU
		{1520B4A9-5358-423A-AE94-81060BD0C264}.Release|Any CPU.ActiveCfg = Release|Any CPU
		{1520B4A9-5358-423A-AE94-81060BD0C264}.Release|Any CPU.Build.0 = Release|Any CPU
		{F7B667AD-B9A8-4780-850E-DD8C87672E96}.Debug|Any CPU.ActiveCfg = Debug|Any CPU
		{F7B667AD-B9A8-4780-850E-DD8C87672E96}.Debug|Any CPU.Build.0 = Debug|Any CPU
		{F7B667AD-B9A8-4780-850E-DD8C87672E96}.Release|Any CPU.ActiveCfg = Release|Any CPU
		{F7B667AD-B9A8-4780-850E-DD8C87672E96}.Release|Any CPU.Build.0 = Release|Any CPU
		{CA09D6B3-636B-40C1-A126-3C38EE740B73}.Debug|Any CPU.ActiveCfg = Debug|Any CPU
		{CA09D6B3-636B-40C1-A126-3C38EE740B73}.Debug|Any CPU.Build.0 = Debug|Any CPU
		{CA09D6B3-636B-40C1-A126-3C38EE740B73}.Release|Any CPU.ActiveCfg = Release|Any CPU
		{CA09D6B3-636B-40C1-A126-3C38EE740B73}.Release|Any CPU.Build.0 = Release|Any CPU
		{097CD84A-301B-477A-BF6D-08187273BC3E}.Debug|Any CPU.ActiveCfg = Debug|Any CPU
		{097CD84A-301B-477A-BF6D-08187273BC3E}.Debug|Any CPU.Build.0 = Debug|Any CPU
		{097CD84A-301B-477A-BF6D-08187273BC3E}.Debug|Any CPU.Deploy.0 = Debug|Any CPU
		{097CD84A-301B-477A-BF6D-08187273BC3E}.Release|Any CPU.ActiveCfg = Release|Any CPU
		{097CD84A-301B-477A-BF6D-08187273BC3E}.Release|Any CPU.Build.0 = Release|Any CPU
		{097CD84A-301B-477A-BF6D-08187273BC3E}.Release|Any CPU.Deploy.0 = Release|Any CPU
		{C0F6263B-83CA-41BE-B080-2DC38F42A0A3}.Debug|Any CPU.ActiveCfg = Debug|Any CPU
		{C0F6263B-83CA-41BE-B080-2DC38F42A0A3}.Debug|Any CPU.Build.0 = Debug|Any CPU
		{C0F6263B-83CA-41BE-B080-2DC38F42A0A3}.Release|Any CPU.ActiveCfg = Release|Any CPU
		{C0F6263B-83CA-41BE-B080-2DC38F42A0A3}.Release|Any CPU.Build.0 = Release|Any CPU
		{2C3CF213-48F5-4126-9545-5EF074D01FF8}.Debug|Any CPU.ActiveCfg = Debug|Any CPU
		{2C3CF213-48F5-4126-9545-5EF074D01FF8}.Debug|Any CPU.Build.0 = Debug|Any CPU
		{2C3CF213-48F5-4126-9545-5EF074D01FF8}.Release|Any CPU.ActiveCfg = Release|Any CPU
		{2C3CF213-48F5-4126-9545-5EF074D01FF8}.Release|Any CPU.Build.0 = Release|Any CPU
		{18B51F70-AB92-403F-85BA-3F23C9A26DA7}.Debug|Any CPU.ActiveCfg = Debug|Any CPU
		{18B51F70-AB92-403F-85BA-3F23C9A26DA7}.Debug|Any CPU.Build.0 = Debug|Any CPU
		{18B51F70-AB92-403F-85BA-3F23C9A26DA7}.Release|Any CPU.ActiveCfg = Release|Any CPU
		{18B51F70-AB92-403F-85BA-3F23C9A26DA7}.Release|Any CPU.Build.0 = Release|Any CPU
		{8EDF4429-251A-416D-BB68-93F227191BCF}.Debug|Any CPU.ActiveCfg = Debug|Any CPU
		{8EDF4429-251A-416D-BB68-93F227191BCF}.Debug|Any CPU.Build.0 = Debug|Any CPU
		{8EDF4429-251A-416D-BB68-93F227191BCF}.Release|Any CPU.ActiveCfg = Release|Any CPU
		{8EDF4429-251A-416D-BB68-93F227191BCF}.Release|Any CPU.Build.0 = Release|Any CPU
		{3E3A61E9-C024-4980-97DF-BCBEED081650}.Debug|Any CPU.ActiveCfg = Debug|Any CPU
		{3E3A61E9-C024-4980-97DF-BCBEED081650}.Debug|Any CPU.Build.0 = Debug|Any CPU
		{3E3A61E9-C024-4980-97DF-BCBEED081650}.Release|Any CPU.ActiveCfg = Release|Any CPU
		{3E3A61E9-C024-4980-97DF-BCBEED081650}.Release|Any CPU.Build.0 = Release|Any CPU
		{3DBBF6B2-1CD1-4175-88CC-F86F1DD4E324}.Debug|Any CPU.ActiveCfg = Debug|Any CPU
		{3DBBF6B2-1CD1-4175-88CC-F86F1DD4E324}.Debug|Any CPU.Build.0 = Debug|Any CPU
		{3DBBF6B2-1CD1-4175-88CC-F86F1DD4E324}.Release|Any CPU.ActiveCfg = Release|Any CPU
		{3DBBF6B2-1CD1-4175-88CC-F86F1DD4E324}.Release|Any CPU.Build.0 = Release|Any CPU
		{3EFC6DBB-54D5-4C81-B977-BFA537733A9E}.Debug|Any CPU.ActiveCfg = Debug|Any CPU
		{3EFC6DBB-54D5-4C81-B977-BFA537733A9E}.Debug|Any CPU.Build.0 = Debug|Any CPU
		{3EFC6DBB-54D5-4C81-B977-BFA537733A9E}.Release|Any CPU.ActiveCfg = Release|Any CPU
		{3EFC6DBB-54D5-4C81-B977-BFA537733A9E}.Release|Any CPU.Build.0 = Release|Any CPU
		{FE64DBB2-A5F6-4761-A14C-8D7FFFEEC298}.Debug|Any CPU.ActiveCfg = Debug|Any CPU
		{FE64DBB2-A5F6-4761-A14C-8D7FFFEEC298}.Debug|Any CPU.Build.0 = Debug|Any CPU
		{FE64DBB2-A5F6-4761-A14C-8D7FFFEEC298}.Release|Any CPU.ActiveCfg = Release|Any CPU
		{FE64DBB2-A5F6-4761-A14C-8D7FFFEEC298}.Release|Any CPU.Build.0 = Release|Any CPU
		{ACBCA415-F30A-4E3B-99F2-67F6F4F7F0BD}.Debug|Any CPU.ActiveCfg = Debug|Any CPU
		{ACBCA415-F30A-4E3B-99F2-67F6F4F7F0BD}.Debug|Any CPU.Build.0 = Debug|Any CPU
		{ACBCA415-F30A-4E3B-99F2-67F6F4F7F0BD}.Release|Any CPU.ActiveCfg = Release|Any CPU
		{ACBCA415-F30A-4E3B-99F2-67F6F4F7F0BD}.Release|Any CPU.Build.0 = Release|Any CPU
	EndGlobalSection
	GlobalSection(SolutionProperties) = preSolution
		HideSolutionNode = FALSE
	EndGlobalSection
	GlobalSection(ExtensibilityGlobals) = postSolution
		SolutionGuid = {6D6320FB-BBF1-43F6-A1DD-A3A489000727}
	EndGlobalSection
EndGlobal
